
Microsoft Visual Studio Solution File, Format Version 12.00
# Visual Studio Version 17
VisualStudioVersion = 17.0.31903.59
MinimumVisualStudioVersion = 10.0.40219.1
Project("{FAE04EC0-301F-11D3-BF4B-00C04F79EFBC}") = "API", "API\API.csproj", "{B91ED1C3-3797-4286-BAB8-8DCDDCC35091}"
EndProject
Project("{FAE04EC0-301F-11D3-BF4B-00C04F79EFBC}") = "Core", "Core\Core.csproj", "{B6AC5AE4-0238-4BE4-BC3F-C05B4955B43D}"
EndProject
Project("{FAE04EC0-301F-11D3-BF4B-00C04F79EFBC}") = "Infrastructure", "Infrastructure\Infrastructure.csproj", "{06D22F44-F6D6-4FAF-9FB9-7D528843C0B0}"
EndProject
Global
	GlobalSection(SolutionConfigurationPlatforms) = preSolution
		Debug|Any CPU = Debug|Any CPU
		Release|Any CPU = Release|Any CPU
	EndGlobalSection
	GlobalSection(SolutionProperties) = preSolution
		HideSolutionNode = FALSE
	EndGlobalSection
	GlobalSection(ProjectConfigurationPlatforms) = postSolution
		{B91ED1C3-3797-4286-BAB8-8DCDDCC35091}.Debug|Any CPU.ActiveCfg = Debug|Any CPU
		{B91ED1C3-3797-4286-BAB8-8DCDDCC35091}.Debug|Any CPU.Build.0 = Debug|Any CPU
		{B91ED1C3-3797-4286-BAB8-8DCDDCC35091}.Release|Any CPU.ActiveCfg = Release|Any CPU
		{B91ED1C3-3797-4286-BAB8-8DCDDCC35091}.Release|Any CPU.Build.0 = Release|Any CPU
		{B6AC5AE4-0238-4BE4-BC3F-C05B4955B43D}.Debug|Any CPU.ActiveCfg = Debug|Any CPU
		{B6AC5AE4-0238-4BE4-BC3F-C05B4955B43D}.Debug|Any CPU.Build.0 = Debug|Any CPU
		{B6AC5AE4-0238-4BE4-BC3F-C05B4955B43D}.Release|Any CPU.ActiveCfg = Release|Any CPU
		{B6AC5AE4-0238-4BE4-BC3F-C05B4955B43D}.Release|Any CPU.Build.0 = Release|Any CPU
		{06D22F44-F6D6-4FAF-9FB9-7D528843C0B0}.Debug|Any CPU.ActiveCfg = Debug|Any CPU
		{06D22F44-F6D6-4FAF-9FB9-7D528843C0B0}.Debug|Any CPU.Build.0 = Debug|Any CPU
		{06D22F44-F6D6-4FAF-9FB9-7D528843C0B0}.Release|Any CPU.ActiveCfg = Release|Any CPU
		{06D22F44-F6D6-4FAF-9FB9-7D528843C0B0}.Release|Any CPU.Build.0 = Release|Any CPU
	EndGlobalSection
EndGlobal
